{
  "name": "stream-vods",
  "lockfileVersion": 3,
  "requires": true,
  "packages": {
    "": {
      "dependencies": {
        "@playwright/browser-chromium": "^1.62.1",
        "playwright-core": "^1.62.1"
      }
    },
    "node_modules/@playwright/browser-chromium": {
      "version": "1.62.1",
      "resolved": "https://registry.npmjs.org/@playwright/browser-chromium/-/browser-chromium-1.62.1.tgz",
      "integrity": "sha512-DU/t4TSqHvAc+uFMt972forQYqBTh/ul7lZ8U81HYGyxnf6vSPPz9NzuE0OR3x/elqvvGm+n4gcny+QSKT+FDw==",
      "hasInstallScript": true,
      "license": "Apache-2.0",
      "dependencies": {
        "playwright-core": "1.62.1"
      },
      "engines": {
        "node": ">=20"
      }
    },
    "node_modules/playwright-core": {
      "version": "1.62.1",
      "resolved": "https://registry.npmjs.org/playwright-core/-/playwright-core-1.62.1.tgz",
      "integrity": "sha512-wPYSwEBJY9GHraISXqyqtx0na0LpO3XEX7jNDhntbex7tzUS7kLnZsOlFruFJB4Hi/rhDMjXGqHewDZ68nYZVw==",
      "license": "Apache-2.0",
      "bin": {
        "playwright-core": "cli.js"
      },
      "engines": {
        "node": ">=20"
      }
    }
  }
}
